
Microsoft Visual Studio Solution File, Format Version 12.00
# Visual Studio Version 17
VisualStudioVersion = 17.11.35303.130
MinimumVisualStudioVersion = 10.0.40219.1
Project("{9A19103F-16F7-4668-BE54-9A1E7A4F7556}") = "BigFood_Reviews", "BigFood_Reviews\BigFood_Reviews.csproj", "{6434F0BE-2AAD-4AAC-B936-0B88F3E08C83}"
EndProject
Project("{9A19103F-16F7-4668-BE54-9A1E7A4F7556}") = "Catalog_BLL", "Reviews_BLL\Catalog_BLL.csproj", "{ECAD858B-4C97-42FB-90C9-B903C8B55B3F}"
EndProject
Project("{9A19103F-16F7-4668-BE54-9A1E7A4F7556}") = "Catalog_DAL", "Reviews_DAL\Catalog_DAL.csproj", "{2C1C90A8-399B-4EC9-9CA6-0A91FFE85501}"
EndProject
Project("{9A19103F-16F7-4668-BE54-9A1E7A4F7556}") = "Catalog_WebApi", "Reviews_WebApi\Catalog_WebApi.csproj", "{964DA18E-1FFE-4670-8AEF-5418E30A9CFA}"
EndProject
Project("{2150E333-8FDC-42A3-9474-1A3956D46DE8}") = "Catalog", "Catalog", "{65BFF6B3-3011-4792-8995-3AF360FC361C}"
EndProject
Project("{2150E333-8FDC-42A3-9474-1A3956D46DE8}") = "Order", "Order", "{0C7CB142-B10E-4AE2-A0A8-8A5E2CEEBDF4}"
EndProject
Project("{9A19103F-16F7-4668-BE54-9A1E7A4F7556}") = "Orders_WebApi", "Orders_WebApi\Orders_WebApi.csproj", "{AB55950A-05DF-4452-BDDE-8CEF88A115B3}"
EndProject
Project("{9A19103F-16F7-4668-BE54-9A1E7A4F7556}") = "Infrastructure", "Infrastructure\Infrastructure.csproj", "{D4BA68B0-D74D-4F0F-9469-A06B65037B1E}"
EndProject
Project("{9A19103F-16F7-4668-BE54-9A1E7A4F7556}") = "Domain", "Domain\Domain.csproj", "{68217076-1B77-4231-8517-2291427E6E9C}"
EndProject
Project("{9A19103F-16F7-4668-BE54-9A1E7A4F7556}") = "Application", "Application\Application.csproj", "{A7F738B3-4613-4191-AD86-B61690F9CFA4}"
EndProject
Project("{FAE04EC0-301F-11D3-BF4B-00C04F79EFBC}") = "Aggregator", "Aggregator\Aggregator.csproj", "{F7C85441-6456-46BA-B971-4F4D6B58B6C6}"
EndProject
Project("{FAE04EC0-301F-11D3-BF4B-00C04F79EFBC}") = "ApiGateway", "ApiGateway\ApiGateway.csproj", "{4C5FD1F8-9C0B-41AB-B322-D81CFF66FD38}"
EndProject
Global
	GlobalSection(SolutionConfigurationPlatforms) = preSolution
		Debug|Any CPU = Debug|Any CPU
		Release|Any CPU = Release|Any CPU
	EndGlobalSection
	GlobalSection(ProjectConfigurationPlatforms) = postSolution
		{6434F0BE-2AAD-4AAC-B936-0B88F3E08C83}.Debug|Any CPU.ActiveCfg = Debug|Any CPU
		{6434F0BE-2AAD-4AAC-B936-0B88F3E08C83}.Debug|Any CPU.Build.0 = Debug|Any CPU
		{6434F0BE-2AAD-4AAC-B936-0B88F3E08C83}.Release|Any CPU.ActiveCfg = Release|Any CPU
		{6434F0BE-2AAD-4AAC-B936-0B88F3E08C83}.Release|Any CPU.Build.0 = Release|Any CPU
		{ECAD858B-4C97-42FB-90C9-B903C8B55B3F}.Debug|Any CPU.ActiveCfg = Debug|Any CPU
		{ECAD858B-4C97-42FB-90C9-B903C8B55B3F}.Debug|Any CPU.Build.0 = Debug|Any CPU
		{ECAD858B-4C97-42FB-90C9-B903C8B55B3F}.Release|Any CPU.ActiveCfg = Release|Any CPU
		{ECAD858B-4C97-42FB-90C9-B903C8B55B3F}.Release|Any CPU.Build.0 = Release|Any CPU
		{2C1C90A8-399B-4EC9-9CA6-0A91FFE85501}.Debug|Any CPU.ActiveCfg = Debug|Any CPU
		{2C1C90A8-399B-4EC9-9CA6-0A91FFE85501}.Debug|Any CPU.Build.0 = Debug|Any CPU
		{2C1C90A8-399B-4EC9-9CA6-0A91FFE85501}.Release|Any CPU.ActiveCfg = Release|Any CPU
		{2C1C90A8-399B-4EC9-9CA6-0A91FFE85501}.Release|Any CPU.Build.0 = Release|Any CPU
		{964DA18E-1FFE-4670-8AEF-5418E30A9CFA}.Debug|Any CPU.ActiveCfg = Debug|Any CPU
		{964DA18E-1FFE-4670-8AEF-5418E30A9CFA}.Debug|Any CPU.Build.0 = Debug|Any CPU
		{964DA18E-1FFE-4670-8AEF-5418E30A9CFA}.Release|Any CPU.ActiveCfg = Release|Any CPU
		{964DA18E-1FFE-4670-8AEF-5418E30A9CFA}.Release|Any CPU.Build.0 = Release|Any CPU
		{AB55950A-05DF-4452-BDDE-8CEF88A115B3}.Debug|Any CPU.ActiveCfg = Debug|Any CPU
		{AB55950A-05DF-4452-BDDE-8CEF88A115B3}.Debug|Any CPU.Build.0 = Debug|Any CPU
		{AB55950A-05DF-4452-BDDE-8CEF88A115B3}.Release|Any CPU.ActiveCfg = Release|Any CPU
		{AB55950A-05DF-4452-BDDE-8CEF88A115B3}.Release|Any CPU.Build.0 = Release|Any CPU
		{D4BA68B0-D74D-4F0F-9469-A06B65037B1E}.Debug|Any CPU.ActiveCfg = Debug|Any CPU
		{D4BA68B0-D74D-4F0F-9469-A06B65037B1E}.Debug|Any CPU.Build.0 = Debug|Any CPU
		{D4BA68B0-D74D-4F0F-9469-A06B65037B1E}.Release|Any CPU.ActiveCfg = Release|Any CPU
		{D4BA68B0-D74D-4F0F-9469-A06B65037B1E}.Release|Any CPU.Build.0 = Release|Any CPU
		{68217076-1B77-4231-8517-2291427E6E9C}.Debug|Any CPU.ActiveCfg = Debug|Any CPU
		{68217076-1B77-4231-8517-2291427E6E9C}.Debug|Any CPU.Build.0 = Debug|Any CPU
		{68217076-1B77-4231-8517-2291427E6E9C}.Release|Any CPU.ActiveCfg = Release|Any CPU
		{68217076-1B77-4231-8517-2291427E6E9C}.Release|Any CPU.Build.0 = Release|Any CPU
		{A7F738B3-4613-4191-AD86-B61690F9CFA4}.Debug|Any CPU.ActiveCfg = Debug|Any CPU
		{A7F738B3-4613-4191-AD86-B61690F9CFA4}.Debug|Any CPU.Build.0 = Debug|Any CPU
		{A7F738B3-4613-4191-AD86-B61690F9CFA4}.Release|Any CPU.ActiveCfg = Release|Any CPU
		{A7F738B3-4613-4191-AD86-B61690F9CFA4}.Release|Any CPU.Build.0 = Release|Any CPU
		{F7C85441-6456-46BA-B971-4F4D6B58B6C6}.Debug|Any CPU.ActiveCfg = Debug|Any CPU
		{F7C85441-6456-46BA-B971-4F4D6B58B6C6}.Debug|Any CPU.Build.0 = Debug|Any CPU
		{F7C85441-6456-46BA-B971-4F4D6B58B6C6}.Release|Any CPU.ActiveCfg = Release|Any CPU
		{F7C85441-6456-46BA-B971-4F4D6B58B6C6}.Release|Any CPU.Build.0 = Release|Any CPU
		{4C5FD1F8-9C0B-41AB-B322-D81CFF66FD38}.Debug|Any CPU.ActiveCfg = Debug|Any CPU
		{4C5FD1F8-9C0B-41AB-B322-D81CFF66FD38}.Debug|Any CPU.Build.0 = Debug|Any CPU
		{4C5FD1F8-9C0B-41AB-B322-D81CFF66FD38}.Release|Any CPU.ActiveCfg = Release|Any CPU
		{4C5FD1F8-9C0B-41AB-B322-D81CFF66FD38}.Release|Any CPU.Build.0 = Release|Any CPU
	EndGlobalSection
	GlobalSection(SolutionProperties) = preSolution
		HideSolutionNode = FALSE
	EndGlobalSection
	GlobalSection(NestedProjects) = preSolution
		{ECAD858B-4C97-42FB-90C9-B903C8B55B3F} = {65BFF6B3-3011-4792-8995-3AF360FC361C}
		{2C1C90A8-399B-4EC9-9CA6-0A91FFE85501} = {65BFF6B3-3011-4792-8995-3AF360FC361C}
		{964DA18E-1FFE-4670-8AEF-5418E30A9CFA} = {65BFF6B3-3011-4792-8995-3AF360FC361C}
		{AB55950A-05DF-4452-BDDE-8CEF88A115B3} = {0C7CB142-B10E-4AE2-A0A8-8A5E2CEEBDF4}
		{D4BA68B0-D74D-4F0F-9469-A06B65037B1E} = {0C7CB142-B10E-4AE2-A0A8-8A5E2CEEBDF4}
		{68217076-1B77-4231-8517-2291427E6E9C} = {0C7CB142-B10E-4AE2-A0A8-8A5E2CEEBDF4}
		{A7F738B3-4613-4191-AD86-B61690F9CFA4} = {0C7CB142-B10E-4AE2-A0A8-8A5E2CEEBDF4}
	EndGlobalSection
	GlobalSection(ExtensibilityGlobals) = postSolution
		SolutionGuid = {E1F8E976-DEBA-484A-B132-9BC279A939F4}
	EndGlobalSection
EndGlobal
